
Microsoft Visual Studio Solution File, Format Version 11.00
# Visual Studio 2010
Project("{8BC9CEB8-8B4A-11D0-8D11-00A0C91BC942}") = "Robot", "Robot\Robot.vcxproj", "{234F6CE9-7875-4765-99C9-376F469C8640}"
EndProject
Global
	GlobalSection(SolutionConfigurationPlatforms) = preSolution
		Debug|Win32 = Debug|Win32
		Release|Win32 = Release|Win32
	EndGlobalSection
	GlobalSection(ProjectConfigurationPlatforms) = postSolution
		{234F6CE9-7875-4765-99C9-376F469C8640}.Debug|Win32.ActiveCfg = Debug|Win32
		{234F6CE9-7875-4765-99C9-376F469C8640}.Debug|Win32.Build.0 = Debug|Win32
		{234F6CE9-7875-4765-99C9-376F469C8640}.Release|Win32.ActiveCfg = Release|Win32
		{234F6CE9-7875-4765-99C9-376F469C8640}.Release|Win32.Build.0 = Release|Win32
	EndGlobalSection
	GlobalSection(SolutionProperties) = preSolution
		HideSolutionNode = FALSE
	EndGlobalSection
EndGlobal
